
Microsoft Visual Studio Solution File, Format Version 11.00
# Visual Studio 2010
Project("{8BC9CEB8-8B4A-11D0-8D11-00A0C91BC942}") = "SchemeGenerator", "SchemeGenerator.vcxproj", "{49D2C578-4BBE-4CC1-8CBF-D42071737896}"
EndProject
Project("{8BC9CEB8-8B4A-11D0-8D11-00A0C91BC942}") = "Test", "Test\SchemeGeneratorTest.vcxproj", "{6258FB6B-F1D4-4923-85E2-EE3A22C82334}"
EndProject
Global
	GlobalSection(SolutionConfigurationPlatforms) = preSolution
		Debug|Win32 = Debug|Win32
		Debug|x64 = Debug|x64
		Release|Win32 = Release|Win32
		Release|x64 = Release|x64
	EndGlobalSection
	GlobalSection(ProjectConfigurationPlatforms) = postSolution
		{49D2C578-4BBE-4CC1-8CBF-D42071737896}.Debug|Win32.ActiveCfg = Debug|Win32
		{49D2C578-4BBE-4CC1-8CBF-D42071737896}.Debug|Win32.Build.0 = Debug|Win32
		{49D2C578-4BBE-4CC1-8CBF-D42071737896}.Debug|x64.ActiveCfg = Debug|x64
		{49D2C578-4BBE-4CC1-8CBF-D42071737896}.Debug|x64.Build.0 = Debug|x64
		{49D2C578-4BBE-4CC1-8CBF-D42071737896}.Release|Win32.ActiveCfg = Release|Win32
		{49D2C578-4BBE-4CC1-8CBF-D42071737896}.Release|Win32.Build.0 = Release|Win32
		{49D2C578-4BBE-4CC1-8CBF-D42071737896}.Release|x64.ActiveCfg = Release|x64
		{49D2C578-4BBE-4CC1-8CBF-D42071737896}.Release|x64.Build.0 = Release|x64
		{6258FB6B-F1D4-4923-85E2-EE3A22C82334}.Debug|Win32.ActiveCfg = Debug|Win32
		{6258FB6B-F1D4-4923-85E2-EE3A22C82334}.Debug|Win32.Build.0 = Debug|Win32
		{6258FB6B-F1D4-4923-85E2-EE3A22C82334}.Debug|x64.ActiveCfg = Debug|x64
		{6258FB6B-F1D4-4923-85E2-EE3A22C82334}.Debug|x64.Build.0 = Debug|x64
		{6258FB6B-F1D4-4923-85E2-EE3A22C82334}.Release|Win32.ActiveCfg = Release|Win32
		{6258FB6B-F1D4-4923-85E2-EE3A22C82334}.Release|Win32.Build.0 = Release|Win32
		{6258FB6B-F1D4-4923-85E2-EE3A22C82334}.Release|x64.ActiveCfg = Release|x64
		{6258FB6B-F1D4-4923-85E2-EE3A22C82334}.Release|x64.Build.0 = Release|x64
	EndGlobalSection
	GlobalSection(SolutionProperties) = preSolution
		HideSolutionNode = FALSE
	EndGlobalSection
EndGlobal
